
Microsoft Visual Studio Solution File, Format Version 12.00
# Visual Studio Version 16
VisualStudioVersion = 16.0.31910.168
MinimumVisualStudioVersion = 10.0.40219.1
Project("{8BC9CEB8-8B4A-11D0-8D11-00A0C91BC942}") = "JZInjector", "JZInjector.vcxproj", "{D3FFF3A1-5D55-4012-9C56-D42497FC377D}"
EndProject
Global
	GlobalSection(SolutionConfigurationPlatforms) = preSolution
		Debug|x64 = Debug|x64
		Debug|x86 = Debug|x86
		Release|x64 = Release|x64
		Release|x86 = Release|x86
	EndGlobalSection
	GlobalSection(ProjectConfigurationPlatforms) = postSolution
		{D3FFF3A1-5D55-4012-9C56-D42497FC377D}.Debug|x64.ActiveCfg = Debug|x64
		{D3FFF3A1-5D55-4012-9C56-D42497FC377D}.Debug|x64.Build.0 = Debug|x64
		{D3FFF3A1-5D55-4012-9C56-D42497FC377D}.Debug|x86.ActiveCfg = Debug|Win32
		{D3FFF3A1-5D55-4012-9C56-D42497FC377D}.Debug|x86.Build.0 = Debug|Win32
		{D3FFF3A1-5D55-4012-9C56-D42497FC377D}.Release|x64.ActiveCfg = Release|x64
		{D3FFF3A1-5D55-4012-9C56-D42497FC377D}.Release|x64.Build.0 = Release|x64
		{D3FFF3A1-5D55-4012-9C56-D42497FC377D}.Release|x86.ActiveCfg = Release|Win32
		{D3FFF3A1-5D55-4012-9C56-D42497FC377D}.Release|x86.Build.0 = Release|Win32
	EndGlobalSection
	GlobalSection(SolutionProperties) = preSolution
		HideSolutionNode = FALSE
	EndGlobalSection
	GlobalSection(ExtensibilityGlobals) = postSolution
		SolutionGuid = {5D5C4FDD-7A1A-4C59-B24F-C55D6DAA4ABD}
	EndGlobalSection
EndGlobal
