<?xml version="1.0" encoding="utf-8"?>
<Project ToolsVersion="4.0" xmlns="http://schemas.microsoft.com/developer/msbuild/2003">
  <ItemGroup>
    <Filter Include="data">
      <UniqueIdentifier>{5ff75ee8-6459-43a2-8593-67cffb3d616c}</UniqueIdentifier>
    </Filter>
    <Filter Include="lua">
      <UniqueIdentifier>{d435e623-806d-4801-9f58-9ac9a27403e3}</UniqueIdentifier>
    </Filter>
    <Filter Include="src">
      <UniqueIdentifier>{a903908b-f1ce-4c6e-9f84-551b23dd6899}</UniqueIdentifier>
    </Filter>
    <Filter Include="ui">
      <UniqueIdentifier>{4c58f40c-dd14-48e0-8914-079a19cfde5f}</UniqueIdentifier>
    </Filter>
    <Filter Include="res">
      <UniqueIdentifier>{48dff80c-1645-4ddf-a390-b8f8e0b20ed9}</UniqueIdentifier>
    </Filter>
    <Filter Include="src\ui">
      <UniqueIdentifier>{0dfa585d-f3b0-4c70-acc5-be5bed691193}</UniqueIdentifier>
    </Filter>
    <Filter Include="src\data">
      <UniqueIdentifier>{faf86017-8a7d-465f-a9a9-aa2a72d024e9}</UniqueIdentifier>
    </Filter>
  </ItemGroup>
  <ItemGroup>
    <None Include="data\jyconst_raw.lua">
      <Filter>data</Filter>
    </None>
    <None Include="data\jymain_raw.lua">
      <Filter>data</Filter>
    </None>
  </ItemGroup>
  <ItemGroup>
    <ClInclude Include="include\lua.h">
      <Filter>lua</Filter>
    </ClInclude>
    <ClInclude Include="include\luaconf.h">
      <Filter>lua</Filter>
    </ClInclude>
    <ClInclude Include="include\lauxlib.h">
      <Filter>lua</Filter>
    </ClInclude>
    <ClInclude Include="Common.h">
      <Filter>src</Filter>
    </ClInclude>
    <ClInclude Include="FileLogger.h">
      <Filter>src</Filter>
    </ClInclude>
    <ClInclude Include="framework.h">
      <Filter>src</Filter>
    </ClInclude>
    <ClInclude Include="HookMgr.h">
      <Filter>src</Filter>
    </ClInclude>
    <ClInclude Include="injector_impl.h">
      <Filter>src</Filter>
    </ClInclude>
    <ClInclude Include="JZInjector.h">
      <Filter>src</Filter>
    </ClInclude>
    <ClInclude Include="pch.h">
      <Filter>src</Filter>
    </ClInclude>
    <ClInclude Include="ui\PropertyItem.h">
      <Filter>ui</Filter>
    </ClInclude>
    <ClInclude Include="ui\PropertyItemEditors.h">
      <Filter>ui</Filter>
    </ClInclude>
    <ClInclude Include="ui\PropertyItemImpl.h">
      <Filter>ui</Filter>
    </ClInclude>
    <ClInclude Include="ui\PropertyList.h">
      <Filter>ui</Filter>
    </ClInclude>
    <ClInclude Include="ui\PropertyTree.h">
      <Filter>ui</Filter>
    </ClInclude>
    <ClInclude Include="resource.h">
      <Filter>res</Filter>
    </ClInclude>
    <ClInclude Include="CompositeDialog.h">
      <Filter>src\ui</Filter>
    </ClInclude>
    <ClInclude Include="CheatData.h">
      <Filter>src\data</Filter>
    </ClInclude>
  </ItemGroup>
  <ItemGroup>
    <ClCompile Include="data\legend.c">
      <Filter>data</Filter>
    </ClCompile>
    <ClCompile Include="Common.cpp">
      <Filter>src</Filter>
    </ClCompile>
    <ClCompile Include="dllmain.cpp">
      <Filter>src</Filter>
    </ClCompile>
    <ClCompile Include="FileLogger.cc">
      <Filter>src</Filter>
    </ClCompile>
    <ClCompile Include="injector_impl.cc">
      <Filter>src</Filter>
    </ClCompile>
    <ClCompile Include="injector_impl_Lua.cc">
      <Filter>src</Filter>
    </ClCompile>
    <ClCompile Include="JZInjector.cpp">
      <Filter>src</Filter>
    </ClCompile>
    <ClCompile Include="pch.cpp">
      <Filter>src</Filter>
    </ClCompile>
    <ClCompile Include="CompositeDialog.cc">
      <Filter>src\ui</Filter>
    </ClCompile>
    <ClCompile Include="CheatData.cc">
      <Filter>src\data</Filter>
    </ClCompile>
    <ClCompile Include="CheatData_clzr.cc">
      <Filter>src\data</Filter>
    </ClCompile>
    <ClCompile Include="CheatData_clzr1028.cc">
      <Filter>src\data</Filter>
    </ClCompile>
    <ClCompile Include="CheatData_tsj.cc">
      <Filter>src\data</Filter>
    </ClCompile>
    <ClCompile Include="CheatData_xmb.cc">
      <Filter>src\data</Filter>
    </ClCompile>
    <ClCompile Include="CheatData_yb.cc">
      <Filter>src\data</Filter>
    </ClCompile>
    <ClCompile Include="CheatData_zzjh.cc">
      <Filter>src\data</Filter>
    </ClCompile>
  </ItemGroup>
  <ItemGroup>
    <Image Include="res\PropertyTree.bmp">
      <Filter>res</Filter>
    </Image>
    <Image Include="res\Q.ico">
      <Filter>res</Filter>
    </Image>
  </ItemGroup>
  <ItemGroup>
    <ResourceCompile Include="JZInjector.rc">
      <Filter>res</Filter>
    </ResourceCompile>
  </ItemGroup>
</Project>